
Microsoft Visual Studio Solution File, Format Version 12.00
# Visual Studio Version 16
VisualStudioVersion = 16.0.29920.165
MinimumVisualStudioVersion = 10.0.40219.1
Project("{FAE04EC0-301F-11D3-BF4B-00C04F79EFBC}") = "Assembly-CSharp", "Assembly-CSharp.csproj", "{281CE1AA-1076-1183-68BE-A6F45EF104DE}"
EndProject
Project("{FAE04EC0-301F-11D3-BF4B-00C04F79EFBC}") = "Unity.2D.Tilemap.Extras", "Unity.2D.Tilemap.Extras.csproj", "{CF093647-DCCD-B5BF-BAED-E5336D39065E}"
EndProject
Project("{FAE04EC0-301F-11D3-BF4B-00C04F79EFBC}") = "Unity.2D.Tilemap.Extras.Editor", "Unity.2D.Tilemap.Extras.Editor.csproj", "{4B0C46A6-BE34-ACB5-2F79-72D360A629D8}"
EndProject
Project("{FAE04EC0-301F-11D3-BF4B-00C04F79EFBC}") = "Assembly-CSharp-Editor", "Assembly-CSharp-Editor.csproj", "{1CCCC43F-0B1E-B300-4FBE-A899B402948E}"
EndProject
Global
	GlobalSection(SolutionConfigurationPlatforms) = preSolution
		Debug|Any CPU = Debug|Any CPU
		Release|Any CPU = Release|Any CPU
	EndGlobalSection
	GlobalSection(ProjectConfigurationPlatforms) = postSolution
		{281CE1AA-1076-1183-68BE-A6F45EF104DE}.Debug|Any CPU.ActiveCfg = Debug|Any CPU
		{281CE1AA-1076-1183-68BE-A6F45EF104DE}.Debug|Any CPU.Build.0 = Debug|Any CPU
		{281CE1AA-1076-1183-68BE-A6F45EF104DE}.Release|Any CPU.ActiveCfg = Release|Any CPU
		{281CE1AA-1076-1183-68BE-A6F45EF104DE}.Release|Any CPU.Build.0 = Release|Any CPU
		{CF093647-DCCD-B5BF-BAED-E5336D39065E}.Debug|Any CPU.ActiveCfg = Debug|Any CPU
		{CF093647-DCCD-B5BF-BAED-E5336D39065E}.Debug|Any CPU.Build.0 = Debug|Any CPU
		{CF093647-DCCD-B5BF-BAED-E5336D39065E}.Release|Any CPU.ActiveCfg = Release|Any CPU
		{CF093647-DCCD-B5BF-BAED-E5336D39065E}.Release|Any CPU.Build.0 = Release|Any CPU
		{4B0C46A6-BE34-ACB5-2F79-72D360A629D8}.Debug|Any CPU.ActiveCfg = Debug|Any CPU
		{4B0C46A6-BE34-ACB5-2F79-72D360A629D8}.Debug|Any CPU.Build.0 = Debug|Any CPU
		{4B0C46A6-BE34-ACB5-2F79-72D360A629D8}.Release|Any CPU.ActiveCfg = Release|Any CPU
		{4B0C46A6-BE34-ACB5-2F79-72D360A629D8}.Release|Any CPU.Build.0 = Release|Any CPU
		{1CCCC43F-0B1E-B300-4FBE-A899B402948E}.Debug|Any CPU.ActiveCfg = Debug|Any CPU
		{1CCCC43F-0B1E-B300-4FBE-A899B402948E}.Debug|Any CPU.Build.0 = Debug|Any CPU
		{1CCCC43F-0B1E-B300-4FBE-A899B402948E}.Release|Any CPU.ActiveCfg = Release|Any CPU
		{1CCCC43F-0B1E-B300-4FBE-A899B402948E}.Release|Any CPU.Build.0 = Release|Any CPU
	EndGlobalSection
	GlobalSection(SolutionProperties) = preSolution
		HideSolutionNode = FALSE
	EndGlobalSection
	GlobalSection(ExtensibilityGlobals) = postSolution
		SolutionGuid = {96612A79-45BE-41BE-B9B8-971F77E62CFD}
	EndGlobalSection
EndGlobal
